{
    "name": "JavaScript",
    "lockfileVersion": 2,
    "requires": true,
    "packages": {
        "": {
            "dependencies": {
                "big-cartesian": "^4.2.0",
                "itertools": "^1.7.1",
                "just-cartesian-product": "^4.1.1",
                "prompt-sync": "^4.2.0"
            }
        },
        "node_modules/itertools": {
            "version": "1.7.1",
            "resolved": "https://registry.npmjs.org/itertools/-/itertools-1.7.1.tgz",
            "integrity": "sha512-0sC8t0HYOH0wb/mU5eLmp2g19yfhqho12Q6kCX6MGkNEEJQz97LIXzZ2bbIDyzBnQGcMixmcAtByzKjiaFkw8Q==",
            "dependencies": {
                "@babel/runtime": "^7.15.4"
            }
        },
        "node_modules/prompt-sync": {
            "version": "4.2.0",
            "resolved": "https://registry.npmjs.org/prompt-sync/-/prompt-sync-4.2.0.tgz",
            "integrity": "sha512-BuEzzc5zptP5LsgV5MZETjDaKSWfchl5U9Luiu8SKp7iZWD5tZalOxvNcZRwv+d2phNFr8xlbxmFNcRKfJOzJw==",
            "dependencies": {
                "strip-ansi": "^5.0.0"
            }
        }
    },
    "dependencies": {
        "itertools": {
            "version": "1.7.1",
            "resolved": "https://registry.npmjs.org/itertools/-/itertools-1.7.1.tgz",
            "integrity": "sha512-0sC8t0HYOH0wb/mU5eLmp2g19yfhqho12Q6kCX6MGkNEEJQz97LIXzZ2bbIDyzBnQGcMixmcAtByzKjiaFkw8Q==",
            "requires": {
                "@babel/runtime": "^7.15.4"
            }
        },
        "prompt-sync": {
            "version": "4.2.0",
            "resolved": "https://registry.npmjs.org/prompt-sync/-/prompt-sync-4.2.0.tgz",
            "integrity": "sha512-BuEzzc5zptP5LsgV5MZETjDaKSWfchl5U9Luiu8SKp7iZWD5tZalOxvNcZRwv+d2phNFr8xlbxmFNcRKfJOzJw==",
            "requires": {
                "strip-ansi": "^5.0.0"
            }
        }
    }
}
